
Microsoft Visual Studio Solution File, Format Version 12.00
# Visual Studio Version 16
VisualStudioVersion = 16.0.32106.194
MinimumVisualStudioVersion = 10.0.40219.1
Project("{FAE04EC0-301F-11D3-BF4B-00C04F79EFBC}") = "GenericApproach_CarBike", "GenericApproach_CarBike.csproj", "{6C54C862-C7B0-4D04-B125-E476E2132209}"
EndProject
Global
	GlobalSection(SolutionConfigurationPlatforms) = preSolution
		Debug|Any CPU = Debug|Any CPU
		Release|Any CPU = Release|Any CPU
	EndGlobalSection
	GlobalSection(ProjectConfigurationPlatforms) = postSolution
		{6C54C862-C7B0-4D04-B125-E476E2132209}.Debug|Any CPU.ActiveCfg = Debug|Any CPU
		{6C54C862-C7B0-4D04-B125-E476E2132209}.Debug|Any CPU.Build.0 = Debug|Any CPU
		{6C54C862-C7B0-4D04-B125-E476E2132209}.Release|Any CPU.ActiveCfg = Release|Any CPU
		{6C54C862-C7B0-4D04-B125-E476E2132209}.Release|Any CPU.Build.0 = Release|Any CPU
	EndGlobalSection
	GlobalSection(SolutionProperties) = preSolution
		HideSolutionNode = FALSE
	EndGlobalSection
	GlobalSection(ExtensibilityGlobals) = postSolution
		SolutionGuid = {A7C81B31-29AD-41BE-A53C-DA195F6824F1}
	EndGlobalSection
EndGlobal
